
Microsoft Visual Studio Solution File, Format Version 12.00
# Visual Studio Version 17
VisualStudioVersion = 17.13.35825.156 d17.13
MinimumVisualStudioVersion = 10.0.40219.1
Project("{FAE04EC0-301F-11D3-BF4B-00C04F79EFBC}") = "Programadeelecciones", "Programadeelecciones\Programadeelecciones.csproj", "{5A20EF75-4075-46D7-B461-61158DE6F2B3}"
EndProject
Global
	GlobalSection(SolutionConfigurationPlatforms) = preSolution
		Debug|Any CPU = Debug|Any CPU
		Release|Any CPU = Release|Any CPU
	EndGlobalSection
	GlobalSection(ProjectConfigurationPlatforms) = postSolution
		{5A20EF75-4075-46D7-B461-61158DE6F2B3}.Debug|Any CPU.ActiveCfg = Debug|Any CPU
		{5A20EF75-4075-46D7-B461-61158DE6F2B3}.Debug|Any CPU.Build.0 = Debug|Any CPU
		{5A20EF75-4075-46D7-B461-61158DE6F2B3}.Release|Any CPU.ActiveCfg = Release|Any CPU
		{5A20EF75-4075-46D7-B461-61158DE6F2B3}.Release|Any CPU.Build.0 = Release|Any CPU
	EndGlobalSection
	GlobalSection(SolutionProperties) = preSolution
		HideSolutionNode = FALSE
	EndGlobalSection
	GlobalSection(ExtensibilityGlobals) = postSolution
		SolutionGuid = {FDA69350-E9D9-47CA-8887-DE3799E00267}
	EndGlobalSection
EndGlobal
