
Microsoft Visual Studio Solution File, Format Version 12.00
# Visual Studio Version 17
VisualStudioVersion = 17.13.35825.156 d17.13
MinimumVisualStudioVersion = 10.0.40219.1
Project("{FAE04EC0-301F-11D3-BF4B-00C04F79EFBC}") = "Flag Quiz Danny", "Flag Quiz Danny\Flag Quiz Danny.csproj", "{5A695CB1-0338-43AD-AF37-AF83D6B4398A}"
EndProject
Global
	GlobalSection(SolutionConfigurationPlatforms) = preSolution
		Debug|Any CPU = Debug|Any CPU
		Release|Any CPU = Release|Any CPU
	EndGlobalSection
	GlobalSection(ProjectConfigurationPlatforms) = postSolution
		{5A695CB1-0338-43AD-AF37-AF83D6B4398A}.Debug|Any CPU.ActiveCfg = Debug|Any CPU
		{5A695CB1-0338-43AD-AF37-AF83D6B4398A}.Debug|Any CPU.Build.0 = Debug|Any CPU
		{5A695CB1-0338-43AD-AF37-AF83D6B4398A}.Release|Any CPU.ActiveCfg = Release|Any CPU
		{5A695CB1-0338-43AD-AF37-AF83D6B4398A}.Release|Any CPU.Build.0 = Release|Any CPU
	EndGlobalSection
	GlobalSection(SolutionProperties) = preSolution
		HideSolutionNode = FALSE
	EndGlobalSection
	GlobalSection(ExtensibilityGlobals) = postSolution
		SolutionGuid = {E1DDF4D7-7C48-4565-9F8D-4A48B4359CF5}
	EndGlobalSection
EndGlobal
