
Microsoft Visual Studio Solution File, Format Version 12.00
# Visual Studio Version 17
VisualStudioVersion = 17.13.35825.156 d17.13
MinimumVisualStudioVersion = 10.0.40219.1
Project("{FAE04EC0-301F-11D3-BF4B-00C04F79EFBC}") = "App_informe_de_Ventas", "App_informe_de_Ventas\App_informe_de_Ventas.csproj", "{D15071BA-057D-4DEF-826C-588977A51DC5}"
EndProject
Global
	GlobalSection(SolutionConfigurationPlatforms) = preSolution
		Debug|Any CPU = Debug|Any CPU
		Release|Any CPU = Release|Any CPU
	EndGlobalSection
	GlobalSection(ProjectConfigurationPlatforms) = postSolution
		{D15071BA-057D-4DEF-826C-588977A51DC5}.Debug|Any CPU.ActiveCfg = Debug|Any CPU
		{D15071BA-057D-4DEF-826C-588977A51DC5}.Debug|Any CPU.Build.0 = Debug|Any CPU
		{D15071BA-057D-4DEF-826C-588977A51DC5}.Release|Any CPU.ActiveCfg = Release|Any CPU
		{D15071BA-057D-4DEF-826C-588977A51DC5}.Release|Any CPU.Build.0 = Release|Any CPU
	EndGlobalSection
	GlobalSection(SolutionProperties) = preSolution
		HideSolutionNode = FALSE
	EndGlobalSection
	GlobalSection(ExtensibilityGlobals) = postSolution
		SolutionGuid = {FAF6E404-59AB-4256-B84B-28C5BC414481}
	EndGlobalSection
EndGlobal
