
Microsoft Visual Studio Solution File, Format Version 12.00
# Visual Studio Version 17
VisualStudioVersion = 17.13.35825.156 d17.13
MinimumVisualStudioVersion = 10.0.40219.1
Project("{FAE04EC0-301F-11D3-BF4B-00C04F79EFBC}") = "ShippinghubDanny", "ShippinghubDanny\ShippinghubDanny.csproj", "{C01A1FE7-2A28-478E-B946-B4A99710C594}"
EndProject
Global
	GlobalSection(SolutionConfigurationPlatforms) = preSolution
		Debug|Any CPU = Debug|Any CPU
		Release|Any CPU = Release|Any CPU
	EndGlobalSection
	GlobalSection(ProjectConfigurationPlatforms) = postSolution
		{C01A1FE7-2A28-478E-B946-B4A99710C594}.Debug|Any CPU.ActiveCfg = Debug|Any CPU
		{C01A1FE7-2A28-478E-B946-B4A99710C594}.Debug|Any CPU.Build.0 = Debug|Any CPU
		{C01A1FE7-2A28-478E-B946-B4A99710C594}.Release|Any CPU.ActiveCfg = Release|Any CPU
		{C01A1FE7-2A28-478E-B946-B4A99710C594}.Release|Any CPU.Build.0 = Release|Any CPU
	EndGlobalSection
	GlobalSection(SolutionProperties) = preSolution
		HideSolutionNode = FALSE
	EndGlobalSection
	GlobalSection(ExtensibilityGlobals) = postSolution
		SolutionGuid = {C676F385-ECBD-4654-A7F3-E820AEE9D553}
	EndGlobalSection
EndGlobal
